{
  "name": "Thebabylonproject",
  "lockfileVersion": 3,
  "requires": true,
  "packages": {
    "": {
      "dependencies": {
        "@babylonjs/post-processes": "^5.47.0",
        "@babylonjs/procedural-textures": "^5.47.0",
        "babylonjs": "^5.47.0",
        "babylonjs-procedural-textures": "^5.47.0"
      }
    },
    "node_modules/@babylonjs/core": {
      "version": "5.47.0",
      "resolved": "https://registry.npmjs.org/@babylonjs/core/-/core-5.47.0.tgz",
      "integrity": "sha512-7RXNZI6IulXVFMFEcWH+Sr3ncQZ4JSu1Rer6voSqzPoRYuBhShwgrq9ntnu9OfXXpa+564fJrNMgj7fD/xWoow==",
      "peer": true
    },
    "node_modules/@babylonjs/post-processes": {
      "version": "5.47.0",
      "resolved": "https://registry.npmjs.org/@babylonjs/post-processes/-/post-processes-5.47.0.tgz",
      "integrity": "sha512-MagQvj0bD2QOW9+YAwEODQH5mn1v/A70YeQPN6YB15Z2WcXA12UKHBUBA1WOv/5RKv8DSm8NR0YkzTWwsPpddw==",
      "peerDependencies": {
        "@babylonjs/core": "^5.22.0"
      }
    },
    "node_modules/@babylonjs/procedural-textures": {
      "version": "5.47.0",
      "resolved": "https://registry.npmjs.org/@babylonjs/procedural-textures/-/procedural-textures-5.47.0.tgz",
      "integrity": "sha512-pno4ebrYx4KnuHTuXMNcx/hnurUhrBNSI3vRea2PoJCr7GhJ4QFD0c8S+DgfH180/l6G3lhtRbHT0QgNHya27w==",
      "peerDependencies": {
        "@babylonjs/core": "^5.22.0"
      }
    },
    "node_modules/babylonjs": {
      "version": "5.47.0",
      "resolved": "https://registry.npmjs.org/babylonjs/-/babylonjs-5.47.0.tgz",
      "integrity": "sha512-Cr8EUq0Vk3PB+1AjTsPLNm8q9cVbfk3DfKh5TlGYLqerNbxQTmZ8PdyJejkF9Cq0dnwaM1Fv2k8sU7z0JEsKNw==",
      "hasInstallScript": true
    },
    "node_modules/babylonjs-procedural-textures": {
      "version": "5.47.0",
      "resolved": "https://registry.npmjs.org/babylonjs-procedural-textures/-/babylonjs-procedural-textures-5.47.0.tgz",
      "integrity": "sha512-e+5dtBgRZ+1aYkay1ItD7ICN4sz84FHtnLp0Xyfc5TpaoGULGbZr7udHq1R6E7t/CSFVKmA9n8G5U+vmhk4KCA==",
      "dependencies": {
        "babylonjs": "^5.47.0"
      }
    }
  }
}
